
Microsoft Visual Studio Solution File, Format Version 12.00
# Visual Studio Version 17
VisualStudioVersion = 17.11.35303.130
MinimumVisualStudioVersion = 10.0.40219.1
Project("{2150E333-8FDC-42A3-9474-1A3956D46DE8}") = "Task0", "Task0", "{7BFE05C1-019E-4768-B62A-92BD65A97181}"
EndProject
Project("{FAE04EC0-301F-11D3-BF4B-00C04F79EFBC}") = "Tyuiu.FilatovDK.Sprint3.Task0.V21", "Tyuiu.FilatovDK.Sprint3.Task0.V21\Tyuiu.FilatovDK.Sprint3.Task0.V21.csproj", "{78DD9D27-E210-40FB-8CA4-D1B377A4EAEC}"
EndProject
Project("{FAE04EC0-301F-11D3-BF4B-00C04F79EFBC}") = "Tyuiu.FilatovDK.Sprint3.Task0.V21.Lib", "Tyuiu.FilatovDK.Sprint3.Task0.V21.Lib\Tyuiu.FilatovDK.Sprint3.Task0.V21.Lib.csproj", "{666A4F16-B4DE-4613-9BB3-57A9B094BA12}"
EndProject
Project("{FAE04EC0-301F-11D3-BF4B-00C04F79EFBC}") = "Tyuiu.FilatovDK.Sprint3.Task0.V21.Test", "Tyuiu.FilatovDK.Sprint3.Task0.V21.Test\Tyuiu.FilatovDK.Sprint3.Task0.V21.Test.csproj", "{C59903E4-5597-484F-A893-B07DD539AB70}"
EndProject
Project("{2150E333-8FDC-42A3-9474-1A3956D46DE8}") = "Task1", "Task1", "{3EA38D21-17AC-4625-940E-7C7B4326D969}"
EndProject
Project("{FAE04EC0-301F-11D3-BF4B-00C04F79EFBC}") = "Tyuiu.FilatovDK.Sprint3.Task1.V15", "Tyuiu.FilatovDK.Sprint3.Task1.V15\Tyuiu.FilatovDK.Sprint3.Task1.V15.csproj", "{D9D7ACFB-AB92-4025-88CF-A282398E6EC7}"
EndProject
Project("{FAE04EC0-301F-11D3-BF4B-00C04F79EFBC}") = "Tyuiu.FilatovDK.Sprint3.Task1.V15.Lib", "Tyuiu.FilatovDK.Sprint3.Task1.V15.Lib\Tyuiu.FilatovDK.Sprint3.Task1.V15.Lib.csproj", "{3BF880E1-B1AF-4109-B59C-640C0264F080}"
EndProject
Project("{FAE04EC0-301F-11D3-BF4B-00C04F79EFBC}") = "Tyuiu.FilatovDK.Sprint3.Task1.V15.Test", "Tyuiu.FilatovDK.Sprint3.Task1.V15.Test\Tyuiu.FilatovDK.Sprint3.Task1.V15.Test.csproj", "{42D42296-3A7F-4742-979F-3B14AA65AEBC}"
EndProject
Project("{2150E333-8FDC-42A3-9474-1A3956D46DE8}") = "Task2", "Task2", "{4BBBD20F-745F-4AC7-AFD3-627D6A87C583}"
EndProject
Project("{FAE04EC0-301F-11D3-BF4B-00C04F79EFBC}") = "Tyuiu.FilatovDK.Sprint3.Task2.V10", "Tyuiu.FilatovDK.Sprint3.Task2.V10\Tyuiu.FilatovDK.Sprint3.Task2.V10.csproj", "{B6326012-039D-4CE8-8981-1A174EC1D328}"
EndProject
Project("{FAE04EC0-301F-11D3-BF4B-00C04F79EFBC}") = "Tyuiu.FilatovDK.Sprint3.Task2.V10.Lib", "Tyuiu.FilatovDK.Sprint3.Task2.V10.Lib\Tyuiu.FilatovDK.Sprint3.Task2.V10.Lib.csproj", "{3BE00156-2FE9-46B8-8E7F-520F45CB783A}"
EndProject
Project("{FAE04EC0-301F-11D3-BF4B-00C04F79EFBC}") = "Tyuiu.FilatovDK.Sprint3.Task2.V10.Test", "Tyuiu.FilatovDK.Sprint3.Task2.V10.Test\Tyuiu.FilatovDK.Sprint3.Task2.V10.Test.csproj", "{8E91DF9C-AC27-49CB-94FC-8ED90245A35E}"
EndProject
Project("{2150E333-8FDC-42A3-9474-1A3956D46DE8}") = "Task3", "Task3", "{FC09EC0D-2CE6-416F-A5FA-D22A1C74DB5B}"
EndProject
Project("{FAE04EC0-301F-11D3-BF4B-00C04F79EFBC}") = "Tyuiu.FilatovDK.Sprint3.Task3.V20", "Tyuiu.FilatovDK.Sprint3.Task3.V20\Tyuiu.FilatovDK.Sprint3.Task3.V20.csproj", "{023CD5B8-5C2C-4F4D-BB9E-D0FD160DD23E}"
EndProject
Project("{FAE04EC0-301F-11D3-BF4B-00C04F79EFBC}") = "Tyuiu.FilatovDK.Sprint3.Task3.V20.Lib", "Tyuiu.FilatovDK.Sprint3.Task3.V20.Lib\Tyuiu.FilatovDK.Sprint3.Task3.V20.Lib.csproj", "{C3E39A36-FB1A-434C-90B4-57EB292A7350}"
EndProject
Project("{FAE04EC0-301F-11D3-BF4B-00C04F79EFBC}") = "Tyuiu.FilatovDK.Sprint3.Task3.V20.Test", "Tyuiu.FilatovDK.Sprint3.Task3.V20.Test\Tyuiu.FilatovDK.Sprint3.Task3.V20.Test.csproj", "{C98C3ED3-F4BD-4ABB-98AA-4FD29602D1BB}"
EndProject
Project("{2150E333-8FDC-42A3-9474-1A3956D46DE8}") = "Task4", "Task4", "{A2DB0369-ACD5-4CAF-AA4E-3145A6E06DA0}"
EndProject
Project("{FAE04EC0-301F-11D3-BF4B-00C04F79EFBC}") = "Tyuiu.FilatovDK.Sprint3.Task4.V23", "Tyuiu.FilatovDK.Sprint3.Task4.V23\Tyuiu.FilatovDK.Sprint3.Task4.V23.csproj", "{53B3E2A0-8DE9-4DE8-A308-6DB74516F7D0}"
EndProject
Project("{FAE04EC0-301F-11D3-BF4B-00C04F79EFBC}") = "Tyuiu.FilatovDK.Sprint3.Task4.V23.Lib", "Tyuiu.FilatovDK.Sprint3.Task4.V23.Lib\Tyuiu.FilatovDK.Sprint3.Task4.V23.Lib.csproj", "{E51C7D4C-E450-4BB5-8849-52E0BEDF623F}"
EndProject
Project("{FAE04EC0-301F-11D3-BF4B-00C04F79EFBC}") = "Tyuiu.FilatovDK.Sprint3.Task4.V23.Test", "Tyuiu.FilatovDK.Sprint3.Task4.V23.Test\Tyuiu.FilatovDK.Sprint3.Task4.V23.Test.csproj", "{7638BB2A-5006-49BC-ACA5-7FE46F692420}"
EndProject
Project("{2150E333-8FDC-42A3-9474-1A3956D46DE8}") = "Task5", "Task5", "{802BEDE9-0239-4C38-A412-D5F1D74C6A2C}"
EndProject
Project("{FAE04EC0-301F-11D3-BF4B-00C04F79EFBC}") = "Tyuiu.FilatovDK.Sprint3.Task5.V15", "Tyuiu.FilatovDK.Sprint3.Task5.V15\Tyuiu.FilatovDK.Sprint3.Task5.V15.csproj", "{80A1D064-217A-43BB-8C86-12974A8C3A40}"
EndProject
Project("{FAE04EC0-301F-11D3-BF4B-00C04F79EFBC}") = "Tyuiu.FilatovDK.Sprint3.Task5.V15.Lib", "Tyuiu.FilatovDK.Sprint3.Task5.V15.Lib\Tyuiu.FilatovDK.Sprint3.Task5.V15.Lib.csproj", "{356A4ADB-494B-434A-B563-1A75B3FC4C72}"
EndProject
Project("{FAE04EC0-301F-11D3-BF4B-00C04F79EFBC}") = "Tyuiu.FilatovDK.Sprint3.Task5.V15.Test", "Tyuiu.FilatovDK.Sprint3.Task5.V15.Test\Tyuiu.FilatovDK.Sprint3.Task5.V15.Test.csproj", "{849AEA42-F164-442F-B1B8-A8E90FC66205}"
EndProject
Global
	GlobalSection(SolutionConfigurationPlatforms) = preSolution
		Debug|Any CPU = Debug|Any CPU
		Release|Any CPU = Release|Any CPU
	EndGlobalSection
	GlobalSection(ProjectConfigurationPlatforms) = postSolution
		{78DD9D27-E210-40FB-8CA4-D1B377A4EAEC}.Debug|Any CPU.ActiveCfg = Debug|Any CPU
		{78DD9D27-E210-40FB-8CA4-D1B377A4EAEC}.Debug|Any CPU.Build.0 = Debug|Any CPU
		{78DD9D27-E210-40FB-8CA4-D1B377A4EAEC}.Release|Any CPU.ActiveCfg = Release|Any CPU
		{78DD9D27-E210-40FB-8CA4-D1B377A4EAEC}.Release|Any CPU.Build.0 = Release|Any CPU
		{666A4F16-B4DE-4613-9BB3-57A9B094BA12}.Debug|Any CPU.ActiveCfg = Debug|Any CPU
		{666A4F16-B4DE-4613-9BB3-57A9B094BA12}.Debug|Any CPU.Build.0 = Debug|Any CPU
		{666A4F16-B4DE-4613-9BB3-57A9B094BA12}.Release|Any CPU.ActiveCfg = Release|Any CPU
		{666A4F16-B4DE-4613-9BB3-57A9B094BA12}.Release|Any CPU.Build.0 = Release|Any CPU
		{C59903E4-5597-484F-A893-B07DD539AB70}.Debug|Any CPU.ActiveCfg = Debug|Any CPU
		{C59903E4-5597-484F-A893-B07DD539AB70}.Debug|Any CPU.Build.0 = Debug|Any CPU
		{C59903E4-5597-484F-A893-B07DD539AB70}.Release|Any CPU.ActiveCfg = Release|Any CPU
		{C59903E4-5597-484F-A893-B07DD539AB70}.Release|Any CPU.Build.0 = Release|Any CPU
		{D9D7ACFB-AB92-4025-88CF-A282398E6EC7}.Debug|Any CPU.ActiveCfg = Debug|Any CPU
		{D9D7ACFB-AB92-4025-88CF-A282398E6EC7}.Debug|Any CPU.Build.0 = Debug|Any CPU
		{D9D7ACFB-AB92-4025-88CF-A282398E6EC7}.Release|Any CPU.ActiveCfg = Release|Any CPU
		{D9D7ACFB-AB92-4025-88CF-A282398E6EC7}.Release|Any CPU.Build.0 = Release|Any CPU
		{3BF880E1-B1AF-4109-B59C-640C0264F080}.Debug|Any CPU.ActiveCfg = Debug|Any CPU
		{3BF880E1-B1AF-4109-B59C-640C0264F080}.Debug|Any CPU.Build.0 = Debug|Any CPU
		{3BF880E1-B1AF-4109-B59C-640C0264F080}.Release|Any CPU.ActiveCfg = Release|Any CPU
		{3BF880E1-B1AF-4109-B59C-640C0264F080}.Release|Any CPU.Build.0 = Release|Any CPU
		{42D42296-3A7F-4742-979F-3B14AA65AEBC}.Debug|Any CPU.ActiveCfg = Debug|Any CPU
		{42D42296-3A7F-4742-979F-3B14AA65AEBC}.Debug|Any CPU.Build.0 = Debug|Any CPU
		{42D42296-3A7F-4742-979F-3B14AA65AEBC}.Release|Any CPU.ActiveCfg = Release|Any CPU
		{42D42296-3A7F-4742-979F-3B14AA65AEBC}.Release|Any CPU.Build.0 = Release|Any CPU
		{B6326012-039D-4CE8-8981-1A174EC1D328}.Debug|Any CPU.ActiveCfg = Debug|Any CPU
		{B6326012-039D-4CE8-8981-1A174EC1D328}.Debug|Any CPU.Build.0 = Debug|Any CPU
		{B6326012-039D-4CE8-8981-1A174EC1D328}.Release|Any CPU.ActiveCfg = Release|Any CPU
		{B6326012-039D-4CE8-8981-1A174EC1D328}.Release|Any CPU.Build.0 = Release|Any CPU
		{3BE00156-2FE9-46B8-8E7F-520F45CB783A}.Debug|Any CPU.ActiveCfg = Debug|Any CPU
		{3BE00156-2FE9-46B8-8E7F-520F45CB783A}.Debug|Any CPU.Build.0 = Debug|Any CPU
		{3BE00156-2FE9-46B8-8E7F-520F45CB783A}.Release|Any CPU.ActiveCfg = Release|Any CPU
		{3BE00156-2FE9-46B8-8E7F-520F45CB783A}.Release|Any CPU.Build.0 = Release|Any CPU
		{8E91DF9C-AC27-49CB-94FC-8ED90245A35E}.Debug|Any CPU.ActiveCfg = Debug|Any CPU
		{8E91DF9C-AC27-49CB-94FC-8ED90245A35E}.Debug|Any CPU.Build.0 = Debug|Any CPU
		{8E91DF9C-AC27-49CB-94FC-8ED90245A35E}.Release|Any CPU.ActiveCfg = Release|Any CPU
		{8E91DF9C-AC27-49CB-94FC-8ED90245A35E}.Release|Any CPU.Build.0 = Release|Any CPU
		{023CD5B8-5C2C-4F4D-BB9E-D0FD160DD23E}.Debug|Any CPU.ActiveCfg = Debug|Any CPU
		{023CD5B8-5C2C-4F4D-BB9E-D0FD160DD23E}.Debug|Any CPU.Build.0 = Debug|Any CPU
		{023CD5B8-5C2C-4F4D-BB9E-D0FD160DD23E}.Release|Any CPU.ActiveCfg = Release|Any CPU
		{023CD5B8-5C2C-4F4D-BB9E-D0FD160DD23E}.Release|Any CPU.Build.0 = Release|Any CPU
		{C3E39A36-FB1A-434C-90B4-57EB292A7350}.Debug|Any CPU.ActiveCfg = Debug|Any CPU
		{C3E39A36-FB1A-434C-90B4-57EB292A7350}.Debug|Any CPU.Build.0 = Debug|Any CPU
		{C3E39A36-FB1A-434C-90B4-57EB292A7350}.Release|Any CPU.ActiveCfg = Release|Any CPU
		{C3E39A36-FB1A-434C-90B4-57EB292A7350}.Release|Any CPU.Build.0 = Release|Any CPU
		{C98C3ED3-F4BD-4ABB-98AA-4FD29602D1BB}.Debug|Any CPU.ActiveCfg = Debug|Any CPU
		{C98C3ED3-F4BD-4ABB-98AA-4FD29602D1BB}.Debug|Any CPU.Build.0 = Debug|Any CPU
		{C98C3ED3-F4BD-4ABB-98AA-4FD29602D1BB}.Release|Any CPU.ActiveCfg = Release|Any CPU
		{C98C3ED3-F4BD-4ABB-98AA-4FD29602D1BB}.Release|Any CPU.Build.0 = Release|Any CPU
		{53B3E2A0-8DE9-4DE8-A308-6DB74516F7D0}.Debug|Any CPU.ActiveCfg = Debug|Any CPU
		{53B3E2A0-8DE9-4DE8-A308-6DB74516F7D0}.Debug|Any CPU.Build.0 = Debug|Any CPU
		{53B3E2A0-8DE9-4DE8-A308-6DB74516F7D0}.Release|Any CPU.ActiveCfg = Release|Any CPU
		{53B3E2A0-8DE9-4DE8-A308-6DB74516F7D0}.Release|Any CPU.Build.0 = Release|Any CPU
		{E51C7D4C-E450-4BB5-8849-52E0BEDF623F}.Debug|Any CPU.ActiveCfg = Debug|Any CPU
		{E51C7D4C-E450-4BB5-8849-52E0BEDF623F}.Debug|Any CPU.Build.0 = Debug|Any CPU
		{E51C7D4C-E450-4BB5-8849-52E0BEDF623F}.Release|Any CPU.ActiveCfg = Release|Any CPU
		{E51C7D4C-E450-4BB5-8849-52E0BEDF623F}.Release|Any CPU.Build.0 = Release|Any CPU
		{7638BB2A-5006-49BC-ACA5-7FE46F692420}.Debug|Any CPU.ActiveCfg = Debug|Any CPU
		{7638BB2A-5006-49BC-ACA5-7FE46F692420}.Debug|Any CPU.Build.0 = Debug|Any CPU
		{7638BB2A-5006-49BC-ACA5-7FE46F692420}.Release|Any CPU.ActiveCfg = Release|Any CPU
		{7638BB2A-5006-49BC-ACA5-7FE46F692420}.Release|Any CPU.Build.0 = Release|Any CPU
		{80A1D064-217A-43BB-8C86-12974A8C3A40}.Debug|Any CPU.ActiveCfg = Debug|Any CPU
		{80A1D064-217A-43BB-8C86-12974A8C3A40}.Debug|Any CPU.Build.0 = Debug|Any CPU
		{80A1D064-217A-43BB-8C86-12974A8C3A40}.Release|Any CPU.ActiveCfg = Release|Any CPU
		{80A1D064-217A-43BB-8C86-12974A8C3A40}.Release|Any CPU.Build.0 = Release|Any CPU
		{356A4ADB-494B-434A-B563-1A75B3FC4C72}.Debug|Any CPU.ActiveCfg = Debug|Any CPU
		{356A4ADB-494B-434A-B563-1A75B3FC4C72}.Debug|Any CPU.Build.0 = Debug|Any CPU
		{356A4ADB-494B-434A-B563-1A75B3FC4C72}.Release|Any CPU.ActiveCfg = Release|Any CPU
		{356A4ADB-494B-434A-B563-1A75B3FC4C72}.Release|Any CPU.Build.0 = Release|Any CPU
		{849AEA42-F164-442F-B1B8-A8E90FC66205}.Debug|Any CPU.ActiveCfg = Debug|Any CPU
		{849AEA42-F164-442F-B1B8-A8E90FC66205}.Debug|Any CPU.Build.0 = Debug|Any CPU
		{849AEA42-F164-442F-B1B8-A8E90FC66205}.Release|Any CPU.ActiveCfg = Release|Any CPU
		{849AEA42-F164-442F-B1B8-A8E90FC66205}.Release|Any CPU.Build.0 = Release|Any CPU
	EndGlobalSection
	GlobalSection(SolutionProperties) = preSolution
		HideSolutionNode = FALSE
	EndGlobalSection
	GlobalSection(NestedProjects) = preSolution
		{78DD9D27-E210-40FB-8CA4-D1B377A4EAEC} = {7BFE05C1-019E-4768-B62A-92BD65A97181}
		{666A4F16-B4DE-4613-9BB3-57A9B094BA12} = {7BFE05C1-019E-4768-B62A-92BD65A97181}
		{C59903E4-5597-484F-A893-B07DD539AB70} = {7BFE05C1-019E-4768-B62A-92BD65A97181}
		{D9D7ACFB-AB92-4025-88CF-A282398E6EC7} = {3EA38D21-17AC-4625-940E-7C7B4326D969}
		{3BF880E1-B1AF-4109-B59C-640C0264F080} = {3EA38D21-17AC-4625-940E-7C7B4326D969}
		{42D42296-3A7F-4742-979F-3B14AA65AEBC} = {3EA38D21-17AC-4625-940E-7C7B4326D969}
		{B6326012-039D-4CE8-8981-1A174EC1D328} = {4BBBD20F-745F-4AC7-AFD3-627D6A87C583}
		{3BE00156-2FE9-46B8-8E7F-520F45CB783A} = {4BBBD20F-745F-4AC7-AFD3-627D6A87C583}
		{8E91DF9C-AC27-49CB-94FC-8ED90245A35E} = {4BBBD20F-745F-4AC7-AFD3-627D6A87C583}
		{023CD5B8-5C2C-4F4D-BB9E-D0FD160DD23E} = {FC09EC0D-2CE6-416F-A5FA-D22A1C74DB5B}
		{C3E39A36-FB1A-434C-90B4-57EB292A7350} = {FC09EC0D-2CE6-416F-A5FA-D22A1C74DB5B}
		{C98C3ED3-F4BD-4ABB-98AA-4FD29602D1BB} = {FC09EC0D-2CE6-416F-A5FA-D22A1C74DB5B}
		{53B3E2A0-8DE9-4DE8-A308-6DB74516F7D0} = {A2DB0369-ACD5-4CAF-AA4E-3145A6E06DA0}
		{E51C7D4C-E450-4BB5-8849-52E0BEDF623F} = {A2DB0369-ACD5-4CAF-AA4E-3145A6E06DA0}
		{7638BB2A-5006-49BC-ACA5-7FE46F692420} = {A2DB0369-ACD5-4CAF-AA4E-3145A6E06DA0}
		{80A1D064-217A-43BB-8C86-12974A8C3A40} = {802BEDE9-0239-4C38-A412-D5F1D74C6A2C}
		{356A4ADB-494B-434A-B563-1A75B3FC4C72} = {802BEDE9-0239-4C38-A412-D5F1D74C6A2C}
		{849AEA42-F164-442F-B1B8-A8E90FC66205} = {802BEDE9-0239-4C38-A412-D5F1D74C6A2C}
	EndGlobalSection
	GlobalSection(ExtensibilityGlobals) = postSolution
		SolutionGuid = {7CC4EBAF-ED36-4037-AFDC-60684198B430}
	EndGlobalSection
EndGlobal
